
Microsoft Visual Studio Solution File, Format Version 11.00
# Visual Studio 2010
Project("{FAE04EC0-301F-11D3-BF4B-00C04F79EFBC}") = "SixPack.Reflection.net.4.0", "SixPack.Reflection\SixPack.Reflection.net.4.0.csproj", "{CCD615B1-3D93-4614-8505-7A68561F75FB}"
EndProject
Project("{FAE04EC0-301F-11D3-BF4B-00C04F79EFBC}") = "SixPack.Reflection.net.3.5", "SixPack.Reflection\SixPack.Reflection.net.3.5.csproj", "{A70ADBF5-452F-4DE3-8B45-ADB05953961F}"
EndProject
Project("{FAE04EC0-301F-11D3-BF4B-00C04F79EFBC}") = "SixPack.net.3.5", "SixPack\SixPack.net.3.5.csproj", "{15BBEAE6-E198-4680-B1CB-C73BE12B359E}"
EndProject
Project("{FAE04EC0-301F-11D3-BF4B-00C04F79EFBC}") = "SixPack.net.4.0", "SixPack\SixPack.net.4.0.csproj", "{E3E178CC-867A-4510-8C1F-E704E848F884}"
EndProject
Project("{FAE04EC0-301F-11D3-BF4B-00C04F79EFBC}") = "SixPack.Caching.net.3.5", "SixPack.Caching\SixPack.Caching.net.3.5.csproj", "{FD22E642-F094-4B83-A5F3-9E4C5E546DC6}"
EndProject
Project("{FAE04EC0-301F-11D3-BF4B-00C04F79EFBC}") = "SixPack.Caching.net.4.0", "SixPack.Caching\SixPack.Caching.net.4.0.csproj", "{62221209-B32D-45FC-B358-639C37BCDB5D}"
EndProject
Project("{FAE04EC0-301F-11D3-BF4B-00C04F79EFBC}") = "SixPack.Net.Mail.net.3.5", "SixPack.Net.Mail\SixPack.Net.Mail.net.3.5.csproj", "{7788DEE6-1C76-40D1-99EA-9DB403647738}"
EndProject
Project("{FAE04EC0-301F-11D3-BF4B-00C04F79EFBC}") = "SixPack.Net.Mail.net.4.0", "SixPack.Net.Mail\SixPack.Net.Mail.net.4.0.csproj", "{B0862C63-44DE-464B-B49A-435A01D8EF9D}"
EndProject
Project("{2150E333-8FDC-42A3-9474-1A3956D46DE8}") = ".NET 3.5", ".NET 3.5", "{C6964EFA-EAE0-459E-BFB0-58A743CE61EF}"
EndProject
Project("{2150E333-8FDC-42A3-9474-1A3956D46DE8}") = ".NET 4.0", ".NET 4.0", "{4DD1E5BA-DDA1-49A1-B79D-1A0EE57B90A1}"
EndProject
Project("{FAE04EC0-301F-11D3-BF4B-00C04F79EFBC}") = "SixPack.Web.Services.net.3.5", "SixPack.Web.Services\SixPack.Web.Services.net.3.5.csproj", "{C6C6FFCE-B88B-453B-9DE1-8C8D37684260}"
EndProject
Project("{FAE04EC0-301F-11D3-BF4B-00C04F79EFBC}") = "SixPack.Web.Services.net.4.0", "SixPack.Web.Services\SixPack.Web.Services.net.4.0.csproj", "{08969850-A7E6-4FFE-A9AE-DE5E0A8298A7}"
EndProject
Project("{2150E333-8FDC-42A3-9474-1A3956D46DE8}") = "Common Files", "Common Files", "{E81E8314-9334-4410-970D-2AF355B625DB}"
	ProjectSection(SolutionItems) = preProject
		CommonAssemblyInfo.cs = CommonAssemblyInfo.cs
	EndProjectSection
EndProject
Project("{FAE04EC0-301F-11D3-BF4B-00C04F79EFBC}") = "SixPack.Data.Entity.net.4.0", "SixPack.Data.Entity\SixPack.Data.Entity.net.4.0.csproj", "{B19BFF1D-EC63-47B5-9BDE-C767F092BE17}"
EndProject
Project("{FAE04EC0-301F-11D3-BF4B-00C04F79EFBC}") = "SixPack.Data.Entity.net.3.5", "SixPack.Data.Entity\SixPack.Data.Entity.net.3.5.csproj", "{9F90B293-B7C3-4380-BAE9-E17A310DD075}"
EndProject
Project("{2150E333-8FDC-42A3-9474-1A3956D46DE8}") = "Tests", "Tests", "{B9C5CA74-9406-49AF-BFBC-2C281B8BC211}"
EndProject
Project("{FAE04EC0-301F-11D3-BF4B-00C04F79EFBC}") = "SixPack.Reflection.Tests.net.3.5", "..\test\SixPack.Reflection.Tests\SixPack.Reflection.Tests.net.3.5.csproj", "{FFE1FD4C-3793-4132-8DC5-C5A3E92CA343}"
EndProject
Global
	GlobalSection(SolutionConfigurationPlatforms) = preSolution
		Debug|Any CPU = Debug|Any CPU
		Release|Any CPU = Release|Any CPU
	EndGlobalSection
	GlobalSection(ProjectConfigurationPlatforms) = postSolution
		{CCD615B1-3D93-4614-8505-7A68561F75FB}.Debug|Any CPU.ActiveCfg = Debug|Any CPU
		{CCD615B1-3D93-4614-8505-7A68561F75FB}.Debug|Any CPU.Build.0 = Debug|Any CPU
		{CCD615B1-3D93-4614-8505-7A68561F75FB}.Release|Any CPU.ActiveCfg = Release|Any CPU
		{CCD615B1-3D93-4614-8505-7A68561F75FB}.Release|Any CPU.Build.0 = Release|Any CPU
		{A70ADBF5-452F-4DE3-8B45-ADB05953961F}.Debug|Any CPU.ActiveCfg = Debug|Any CPU
		{A70ADBF5-452F-4DE3-8B45-ADB05953961F}.Debug|Any CPU.Build.0 = Debug|Any CPU
		{A70ADBF5-452F-4DE3-8B45-ADB05953961F}.Release|Any CPU.ActiveCfg = Release|Any CPU
		{A70ADBF5-452F-4DE3-8B45-ADB05953961F}.Release|Any CPU.Build.0 = Release|Any CPU
		{15BBEAE6-E198-4680-B1CB-C73BE12B359E}.Debug|Any CPU.ActiveCfg = Debug|Any CPU
		{15BBEAE6-E198-4680-B1CB-C73BE12B359E}.Debug|Any CPU.Build.0 = Debug|Any CPU
		{15BBEAE6-E198-4680-B1CB-C73BE12B359E}.Release|Any CPU.ActiveCfg = Release|Any CPU
		{15BBEAE6-E198-4680-B1CB-C73BE12B359E}.Release|Any CPU.Build.0 = Release|Any CPU
		{E3E178CC-867A-4510-8C1F-E704E848F884}.Debug|Any CPU.ActiveCfg = Debug|Any CPU
		{E3E178CC-867A-4510-8C1F-E704E848F884}.Debug|Any CPU.Build.0 = Debug|Any CPU
		{E3E178CC-867A-4510-8C1F-E704E848F884}.Release|Any CPU.ActiveCfg = Release|Any CPU
		{E3E178CC-867A-4510-8C1F-E704E848F884}.Release|Any CPU.Build.0 = Release|Any CPU
		{FD22E642-F094-4B83-A5F3-9E4C5E546DC6}.Debug|Any CPU.ActiveCfg = Debug|Any CPU
		{FD22E642-F094-4B83-A5F3-9E4C5E546DC6}.Debug|Any CPU.Build.0 = Debug|Any CPU
		{FD22E642-F094-4B83-A5F3-9E4C5E546DC6}.Release|Any CPU.ActiveCfg = Release|Any CPU
		{FD22E642-F094-4B83-A5F3-9E4C5E546DC6}.Release|Any CPU.Build.0 = Release|Any CPU
		{62221209-B32D-45FC-B358-639C37BCDB5D}.Debug|Any CPU.ActiveCfg = Debug|Any CPU
		{62221209-B32D-45FC-B358-639C37BCDB5D}.Debug|Any CPU.Build.0 = Debug|Any CPU
		{62221209-B32D-45FC-B358-639C37BCDB5D}.Release|Any CPU.ActiveCfg = Release|Any CPU
		{62221209-B32D-45FC-B358-639C37BCDB5D}.Release|Any CPU.Build.0 = Release|Any CPU
		{7788DEE6-1C76-40D1-99EA-9DB403647738}.Debug|Any CPU.ActiveCfg = Debug|Any CPU
		{7788DEE6-1C76-40D1-99EA-9DB403647738}.Debug|Any CPU.Build.0 = Debug|Any CPU
		{7788DEE6-1C76-40D1-99EA-9DB403647738}.Release|Any CPU.ActiveCfg = Release|Any CPU
		{7788DEE6-1C76-40D1-99EA-9DB403647738}.Release|Any CPU.Build.0 = Release|Any CPU
		{B0862C63-44DE-464B-B49A-435A01D8EF9D}.Debug|Any CPU.ActiveCfg = Debug|Any CPU
		{B0862C63-44DE-464B-B49A-435A01D8EF9D}.Debug|Any CPU.Build.0 = Debug|Any CPU
		{B0862C63-44DE-464B-B49A-435A01D8EF9D}.Release|Any CPU.ActiveCfg = Release|Any CPU
		{B0862C63-44DE-464B-B49A-435A01D8EF9D}.Release|Any CPU.Build.0 = Release|Any CPU
		{C6C6FFCE-B88B-453B-9DE1-8C8D37684260}.Debug|Any CPU.ActiveCfg = Debug|Any CPU
		{C6C6FFCE-B88B-453B-9DE1-8C8D37684260}.Debug|Any CPU.Build.0 = Debug|Any CPU
		{C6C6FFCE-B88B-453B-9DE1-8C8D37684260}.Release|Any CPU.ActiveCfg = Release|Any CPU
		{C6C6FFCE-B88B-453B-9DE1-8C8D37684260}.Release|Any CPU.Build.0 = Release|Any CPU
		{08969850-A7E6-4FFE-A9AE-DE5E0A8298A7}.Debug|Any CPU.ActiveCfg = Debug|Any CPU
		{08969850-A7E6-4FFE-A9AE-DE5E0A8298A7}.Debug|Any CPU.Build.0 = Debug|Any CPU
		{08969850-A7E6-4FFE-A9AE-DE5E0A8298A7}.Release|Any CPU.ActiveCfg = Release|Any CPU
		{08969850-A7E6-4FFE-A9AE-DE5E0A8298A7}.Release|Any CPU.Build.0 = Release|Any CPU
		{B19BFF1D-EC63-47B5-9BDE-C767F092BE17}.Debug|Any CPU.ActiveCfg = Debug|Any CPU
		{B19BFF1D-EC63-47B5-9BDE-C767F092BE17}.Debug|Any CPU.Build.0 = Debug|Any CPU
		{B19BFF1D-EC63-47B5-9BDE-C767F092BE17}.Release|Any CPU.ActiveCfg = Release|Any CPU
		{B19BFF1D-EC63-47B5-9BDE-C767F092BE17}.Release|Any CPU.Build.0 = Release|Any CPU
		{9F90B293-B7C3-4380-BAE9-E17A310DD075}.Debug|Any CPU.ActiveCfg = Debug|Any CPU
		{9F90B293-B7C3-4380-BAE9-E17A310DD075}.Debug|Any CPU.Build.0 = Debug|Any CPU
		{9F90B293-B7C3-4380-BAE9-E17A310DD075}.Release|Any CPU.ActiveCfg = Release|Any CPU
		{9F90B293-B7C3-4380-BAE9-E17A310DD075}.Release|Any CPU.Build.0 = Release|Any CPU
		{FFE1FD4C-3793-4132-8DC5-C5A3E92CA343}.Debug|Any CPU.ActiveCfg = Debug|Any CPU
		{FFE1FD4C-3793-4132-8DC5-C5A3E92CA343}.Debug|Any CPU.Build.0 = Debug|Any CPU
		{FFE1FD4C-3793-4132-8DC5-C5A3E92CA343}.Release|Any CPU.ActiveCfg = Release|Any CPU
		{FFE1FD4C-3793-4132-8DC5-C5A3E92CA343}.Release|Any CPU.Build.0 = Release|Any CPU
	EndGlobalSection
	GlobalSection(SolutionProperties) = preSolution
		HideSolutionNode = FALSE
	EndGlobalSection
	GlobalSection(NestedProjects) = preSolution
		{E3E178CC-867A-4510-8C1F-E704E848F884} = {4DD1E5BA-DDA1-49A1-B79D-1A0EE57B90A1}
		{62221209-B32D-45FC-B358-639C37BCDB5D} = {4DD1E5BA-DDA1-49A1-B79D-1A0EE57B90A1}
		{B0862C63-44DE-464B-B49A-435A01D8EF9D} = {4DD1E5BA-DDA1-49A1-B79D-1A0EE57B90A1}
		{CCD615B1-3D93-4614-8505-7A68561F75FB} = {4DD1E5BA-DDA1-49A1-B79D-1A0EE57B90A1}
		{08969850-A7E6-4FFE-A9AE-DE5E0A8298A7} = {4DD1E5BA-DDA1-49A1-B79D-1A0EE57B90A1}
		{B19BFF1D-EC63-47B5-9BDE-C767F092BE17} = {4DD1E5BA-DDA1-49A1-B79D-1A0EE57B90A1}
		{15BBEAE6-E198-4680-B1CB-C73BE12B359E} = {C6964EFA-EAE0-459E-BFB0-58A743CE61EF}
		{FD22E642-F094-4B83-A5F3-9E4C5E546DC6} = {C6964EFA-EAE0-459E-BFB0-58A743CE61EF}
		{7788DEE6-1C76-40D1-99EA-9DB403647738} = {C6964EFA-EAE0-459E-BFB0-58A743CE61EF}
		{A70ADBF5-452F-4DE3-8B45-ADB05953961F} = {C6964EFA-EAE0-459E-BFB0-58A743CE61EF}
		{C6C6FFCE-B88B-453B-9DE1-8C8D37684260} = {C6964EFA-EAE0-459E-BFB0-58A743CE61EF}
		{9F90B293-B7C3-4380-BAE9-E17A310DD075} = {C6964EFA-EAE0-459E-BFB0-58A743CE61EF}
		{FFE1FD4C-3793-4132-8DC5-C5A3E92CA343} = {B9C5CA74-9406-49AF-BFBC-2C281B8BC211}
	EndGlobalSection
	GlobalSection(MonoDevelopProperties) = preSolution
		name = SixPack
		version = 0.1
		StartupItem = SixPack\SixPack.csproj
	EndGlobalSection
EndGlobal
