
Microsoft Visual Studio Solution File, Format Version 10.00
# Visual Studio 2008
Project("{FAE04EC0-301F-11D3-BF4B-00C04F79EFBC}") = "SixPack", "SixPack\SixPack.csproj", "{15BBEAE6-E198-4680-B1CB-C73BE12B359E}"
EndProject
Project("{FAE04EC0-301F-11D3-BF4B-00C04F79EFBC}") = "SixPack.Net.Mail", "SixPack.Net.Mail\SixPack.Net.Mail.csproj", "{7788DEE6-1C76-40D1-99EA-9DB403647738}"
EndProject
Project("{FAE04EC0-301F-11D3-BF4B-00C04F79EFBC}") = "SixPack.Web.Services", "SixPack.Web.Services\SixPack.Web.Services.csproj", "{C6C6FFCE-B88B-453B-9DE1-8C8D37684260}"
EndProject
Project("{FAE04EC0-301F-11D3-BF4B-00C04F79EFBC}") = "SixPack.Caching", "SixPack.Caching\SixPack.Caching.csproj", "{FD22E642-F094-4B83-A5F3-9E4C5E546DC6}"
EndProject
Global
	GlobalSection(SolutionConfigurationPlatforms) = preSolution
		Debug|Any CPU = Debug|Any CPU
		Release|Any CPU = Release|Any CPU
	EndGlobalSection
	GlobalSection(ProjectConfigurationPlatforms) = postSolution
		{15BBEAE6-E198-4680-B1CB-C73BE12B359E}.Debug|Any CPU.ActiveCfg = Debug|Any CPU
		{15BBEAE6-E198-4680-B1CB-C73BE12B359E}.Debug|Any CPU.Build.0 = Debug|Any CPU
		{15BBEAE6-E198-4680-B1CB-C73BE12B359E}.Release|Any CPU.ActiveCfg = Release|Any CPU
		{15BBEAE6-E198-4680-B1CB-C73BE12B359E}.Release|Any CPU.Build.0 = Release|Any CPU
		{7788DEE6-1C76-40D1-99EA-9DB403647738}.Debug|Any CPU.ActiveCfg = Debug|Any CPU
		{7788DEE6-1C76-40D1-99EA-9DB403647738}.Debug|Any CPU.Build.0 = Debug|Any CPU
		{7788DEE6-1C76-40D1-99EA-9DB403647738}.Release|Any CPU.ActiveCfg = Release|Any CPU
		{7788DEE6-1C76-40D1-99EA-9DB403647738}.Release|Any CPU.Build.0 = Release|Any CPU
		{C6C6FFCE-B88B-453B-9DE1-8C8D37684260}.Debug|Any CPU.ActiveCfg = Debug|Any CPU
		{C6C6FFCE-B88B-453B-9DE1-8C8D37684260}.Debug|Any CPU.Build.0 = Debug|Any CPU
		{C6C6FFCE-B88B-453B-9DE1-8C8D37684260}.Release|Any CPU.ActiveCfg = Release|Any CPU
		{C6C6FFCE-B88B-453B-9DE1-8C8D37684260}.Release|Any CPU.Build.0 = Release|Any CPU
		{FD22E642-F094-4B83-A5F3-9E4C5E546DC6}.Debug|Any CPU.ActiveCfg = Debug|Any CPU
		{FD22E642-F094-4B83-A5F3-9E4C5E546DC6}.Debug|Any CPU.Build.0 = Debug|Any CPU
		{FD22E642-F094-4B83-A5F3-9E4C5E546DC6}.Release|Any CPU.ActiveCfg = Release|Any CPU
		{FD22E642-F094-4B83-A5F3-9E4C5E546DC6}.Release|Any CPU.Build.0 = Release|Any CPU
	EndGlobalSection
	GlobalSection(SolutionProperties) = preSolution
		HideSolutionNode = FALSE
	EndGlobalSection
	GlobalSection(MonoDevelopProperties) = preSolution
		name = SixPack
		version = 0.1
		StartupItem = SixPack\SixPack.csproj
	EndGlobalSection
EndGlobal
